// !$*UTF8*$!
{
	archiveVersion = 1;
	classes = {
	};
	objectVersion = 46;
	objects = {

/* Begin PBXBuildFile section */
		5D9886E11C94A0FB00A18F9B /* main.m in Sources */ = {isa = PBXBuildFile; fileRef = 5D9886E01C94A0FB00A18F9B /* main.m */; };
		5D9886E41C94A0FB00A18F9B /* AppDelegate.m in Sources */ = {isa = PBXBuildFile; fileRef = 5D9886E31C94A0FB00A18F9B /* AppDelegate.m */; };
		5D9886E71C94A0FB00A18F9B /* ViewController.m in Sources */ = {isa = PBXBuildFile; fileRef = 5D9886E61C94A0FB00A18F9B /* ViewController.m */; };
		5D9886EA1C94A0FB00A18F9B /* Main.storyboard in Resources */ = {isa = PBXBuildFile; fileRef = 5D9886E81C94A0FB00A18F9B /* Main.storyboard */; };
		5D9886EC1C94A0FB00A18F9B /* Assets.xcassets in Resources */ = {isa = PBXBuildFile; fileRef = 5D9886EB1C94A0FB00A18F9B /* Assets.xcassets */; };
		5D9886EF1C94A0FB00A18F9B /* LaunchScreen.storyboard in Resources */ = {isa = PBXBuildFile; fileRef = 5D9886ED1C94A0FB00A18F9B /* LaunchScreen.storyboard */; };
		5D9886FA1C94A0FB00A18F9B /* MandelsemmelTests.m in Sources */ = {isa = PBXBuildFile; fileRef = 5D9886F91C94A0FB00A18F9B /* MandelsemmelTests.m */; };
		5D9887051C94A0FB00A18F9B /* MandelsemmelUITests.m in Sources */ = {isa = PBXBuildFile; fileRef = 5D9887041C94A0FB00A18F9B /* MandelsemmelUITests.m */; };
/* End PBXBuildFile section */

/* Begin PBXContainerItemProxy section */
		5D9886F61C94A0FB00A18F9B /* PBXContainerItemProxy */ = {
			isa = PBXContainerItemProxy;
			containerPortal = 5D9886D41C94A0FB00A18F9B /* Project object */;
			proxyType = 1;
			remoteGlobalIDString = 5D9886DB1C94A0FB00A18F9B;
			remoteInfo = Mandelsemmel;
		};
		5D9887011C94A0FB00A18F9B /* PBXContainerItemProxy */ = {
			isa = PBXContainerItemProxy;
			containerPortal = 5D9886D41C94A0FB00A18F9B /* Project object */;
			proxyType = 1;
			remoteGlobalIDString = 5D9886DB1C94A0FB00A18F9B;
			remoteInfo = Mandelsemmel;
		};
/* End PBXContainerItemProxy section */

/* Begin PBXFileReference section */
		5D9886DC1C94A0FB00A18F9B /* Mandelsemmel.app */ = {isa = PBXFileReference; explicitFileType = wrapper.application; includeInIndex = 0; path = Mandelsemmel.app; sourceTree = BUILT_PRODUCTS_DIR; };
		5D9886E01C94A0FB00A18F9B /* main.m */ = {isa = PBXFileReference; lastKnownFileType = sourcecode.c.objc; path = main.m; sourceTree = "<group>"; };
		5D9886E21C94A0FB00A18F9B /* AppDelegate.h */ = {isa = PBXFileReference; lastKnownFileType = sourcecode.c.h; path = AppDelegate.h; sourceTree = "<group>"; };
		5D9886E31C94A0FB00A18F9B /* AppDelegate.m */ = {isa = PBXFileReference; lastKnownFileType = sourcecode.c.objc; path = AppDelegate.m; sourceTree = "<group>"; };
		5D9886E51C94A0FB00A18F9B /* ViewController.h */ = {isa = PBXFileReference; lastKnownFileType = sourcecode.c.h; path = ViewController.h; sourceTree = "<group>"; };
		5D9886E61C94A0FB00A18F9B /* ViewController.m */ = {isa = PBXFileReference; lastKnownFileType = sourcecode.c.objc; path = ViewController.m; sourceTree = "<group>"; };
		5D9886E91C94A0FB00A18F9B /* Base */ = {isa = PBXFileReference; lastKnownFileType = file.storyboard; name = Base; path = Base.lproj/Main.storyboard; sourceTree = "<group>"; };
		5D9886EB1C94A0FB00A18F9B /* Assets.xcassets */ = {isa = PBXFileReference; lastKnownFileType = folder.assetcatalog; path = Assets.xcassets; sourceTree = "<group>"; };
		5D9886EE1C94A0FB00A18F9B /* Base */ = {isa = PBXFileReference; lastKnownFileType = file.storyboard; name = Base; path = Base.lproj/LaunchScreen.storyboard; sourceTree = "<group>"; };
		5D9886F01C94A0FB00A18F9B /* Info.plist */ = {isa = PBXFileReference; lastKnownFileType = text.plist.xml; path = Info.plist; sourceTree = "<group>"; };
		5D9886F51C94A0FB00A18F9B /* MandelsemmelTests.xctest */ = {isa = PBXFileReference; explicitFileType = wrapper.cfbundle; includeInIndex = 0; path = MandelsemmelTests.xctest; sourceTree = BUILT_PRODUCTS_DIR; };
		5D9886F91C94A0FB00A18F9B /* MandelsemmelTests.m */ = {isa = PBXFileReference; lastKnownFileType = sourcecode.c.objc; path = MandelsemmelTests.m; sourceTree = "<group>"; };
		5D9886FB1C94A0FB00A18F9B /* Info.plist */ = {isa = PBXFileReference; lastKnownFileType = text.plist.xml; path = Info.plist; sourceTree = "<group>"; };
		5D9887001C94A0FB00A18F9B /* MandelsemmelUITests.xctest */ = {isa = PBXFileReference; explicitFileType = wrapper.cfbundle; includeInIndex = 0; path = MandelsemmelUITests.xctest; sourceTree = BUILT_PRODUCTS_DIR; };
		5D9887041C94A0FB00A18F9B /* MandelsemmelUITests.m */ = {isa = PBXFileReference; lastKnownFileType = sourcecode.c.objc; path = MandelsemmelUITests.m; sourceTree = "<group>"; };
		5D9887061C94A0FB00A18F9B /* Info.plist */ = {isa = PBXFileReference; lastKnownFileType = text.plist.xml; path = Info.plist; sourceTree = "<group>"; };
/* End PBXFileReference section */

/* Begin PBXFrameworksBuildPhase section */
		5D9886D91C94A0FB00A18F9B /* Frameworks */ = {
			isa = PBXFrameworksBuildPhase;
			buildActionMask = 2147483647;
			files = (
			);
			runOnlyForDeploymentPostprocessing = 0;
		};
		5D9886F21C94A0FB00A18F9B /* Frameworks */ = {
			isa = PBXFrameworksBuildPhase;
			buildActionMask = 2147483647;
			files = (
			);
			runOnlyForDeploymentPostprocessing = 0;
		};
		5D9886FD1C94A0FB00A18F9B /* Frameworks */ = {
			isa = PBXFrameworksBuildPhase;
			buildActionMask = 2147483647;
			files = (
			);
			runOnlyForDeploymentPostprocessing = 0;
		};
/* End PBXFrameworksBuildPhase section */

/* Begin PBXGroup section */
		5D9886D31C94A0FB00A18F9B = {
			isa = PBXGroup;
			children = (
				5D9886DE1C94A0FB00A18F9B /* Mandelsemmel */,
				5D9886F81C94A0FB00A18F9B /* MandelsemmelTests */,
				5D9887031C94A0FB00A18F9B /* MandelsemmelUITests */,
				5D9886DD1C94A0FB00A18F9B /* Products */,
			);
			sourceTree = "<group>";
		};
		5D9886DD1C94A0FB00A18F9B /* Products */ = {
			isa = PBXGroup;
			children = (
				5D9886DC1C94A0FB00A18F9B /* Mandelsemmel.app */,
				5D9886F51C94A0FB00A18F9B /* MandelsemmelTests.xctest */,
				5D9887001C94A0FB00A18F9B /* MandelsemmelUITests.xctest */,
			);
			name = Products;
			sourceTree = "<group>";
		};
		5D9886DE1C94A0FB00A18F9B /* Mandelsemmel */ = {
			isa = PBXGroup;
			children = (
				5D9886E21C94A0FB00A18F9B /* AppDelegate.h */,
				5D9886E31C94A0FB00A18F9B /* AppDelegate.m */,
				5D9886E51C94A0FB00A18F9B /* ViewController.h */,
				5D9886E61C94A0FB00A18F9B /* ViewController.m */,
				5D9886E81C94A0FB00A18F9B /* Main.storyboard */,
				5D9886EB1C94A0FB00A18F9B /* Assets.xcassets */,
				5D9886ED1C94A0FB00A18F9B /* LaunchScreen.storyboard */,
				5D9886F01C94A0FB00A18F9B /* Info.plist */,
				5D9886DF1C94A0FB00A18F9B /* Supporting Files */,
			);
			path = Mandelsemmel;
			sourceTree = "<group>";
		};
		5D9886DF1C94A0FB00A18F9B /* Supporting Files */ = {
			isa = PBXGroup;
			children = (
				5D9886E01C94A0FB00A18F9B /* main.m */,
			);
			name = "Supporting Files";
			sourceTree = "<group>";
		};
		5D9886F81C94A0FB00A18F9B /* MandelsemmelTests */ = {
			isa = PBXGroup;
			children = (
				5D9886F91C94A0FB00A18F9B /* MandelsemmelTests.m */,
				5D9886FB1C94A0FB00A18F9B /* Info.plist */,
			);
			path = MandelsemmelTests;
			sourceTree = "<group>";
		};
		5D9887031C94A0FB00A18F9B /* MandelsemmelUITests */ = {
			isa = PBXGroup;
			children = (
				5D9887041C94A0FB00A18F9B /* MandelsemmelUITests.m */,
				5D9887061C94A0FB00A18F9B /* Info.plist */,
			);
			path = MandelsemmelUITests;
			sourceTree = "<group>";
		};
/* End PBXGroup section */

/* Begin PBXNativeTarget section */
		5D9886DB1C94A0FB00A18F9B /* Mandelsemmel */ = {
			isa = PBXNativeTarget;
			buildConfigurationList = 5D9887091C94A0FB00A18F9B /* Build configuration list for PBXNativeTarget "Mandelsemmel" */;
			buildPhases = (
				5D9886D81C94A0FB00A18F9B /* Sources */,
				5D9886D91C94A0FB00A18F9B /* Frameworks */,
				5D9886DA1C94A0FB00A18F9B /* Resources */,
			);
			buildRules = (
			);
			dependencies = (
			);
			name = Mandelsemmel;
			productName = Mandelsemmel;
			productReference = 5D9886DC1C94A0FB00A18F9B /* Mandelsemmel.app */;
			productType = "com.apple.product-type.application";
		};
		5D9886F41C94A0FB00A18F9B /* MandelsemmelTests */ = {
			isa = PBXNativeTarget;
			buildConfigurationList = 5D98870C1C94A0FB00A18F9B /* Build configuration list for PBXNativeTarget "MandelsemmelTests" */;
			buildPhases = (
				5D9886F11C94A0FB00A18F9B /* Sources */,
				5D9886F21C94A0FB00A18F9B /* Frameworks */,
				5D9886F31C94A0FB00A18F9B /* Resources */,
			);
			buildRules = (
			);
			dependencies = (
				5D9886F71C94A0FB00A18F9B /* PBXTargetDependency */,
			);
			name = MandelsemmelTests;
			productName = MandelsemmelTests;
			productReference = 5D9886F51C94A0FB00A18F9B /* MandelsemmelTests.xctest */;
			productType = "com.apple.product-type.bundle.unit-test";
		};
		5D9886FF1C94A0FB00A18F9B /* MandelsemmelUITests */ = {
			isa = PBXNativeTarget;
			buildConfigurationList = 5D98870F1C94A0FB00A18F9B /* Build configuration list for PBXNativeTarget "MandelsemmelUITests" */;
			buildPhases = (
				5D9886FC1C94A0FB00A18F9B /* Sources */,
				5D9886FD1C94A0FB00A18F9B /* Frameworks */,
				5D9886FE1C94A0FB00A18F9B /* Resources */,
			);
			buildRules = (
			);
			dependencies = (
				5D9887021C94A0FB00A18F9B /* PBXTargetDependency */,
			);
			name = MandelsemmelUITests;
			productName = MandelsemmelUITests;
			productReference = 5D9887001C94A0FB00A18F9B /* MandelsemmelUITests.xctest */;
			productType = "com.apple.product-type.bundle.ui-testing";
		};
/* End PBXNativeTarget section */

/* Begin PBXProject section */
		5D9886D41C94A0FB00A18F9B /* Project object */ = {
			isa = PBXProject;
			attributes = {
				LastUpgradeCheck = 0720;
				ORGANIZATIONNAME = "Dominique d'Argent";
				TargetAttributes = {
					5D9886DB1C94A0FB00A18F9B = {
						CreatedOnToolsVersion = 7.2;
					};
					5D9886F41C94A0FB00A18F9B = {
						CreatedOnToolsVersion = 7.2;
						TestTargetID = 5D9886DB1C94A0FB00A18F9B;
					};
					5D9886FF1C94A0FB00A18F9B = {
						CreatedOnToolsVersion = 7.2;
						TestTargetID = 5D9886DB1C94A0FB00A18F9B;
					};
				};
			};
			buildConfigurationList = 5D9886D71C94A0FB00A18F9B /* Build configuration list for PBXProject "Mandelsemmel" */;
			compatibilityVersion = "Xcode 3.2";
			developmentRegion = English;
			hasScannedForEncodings = 0;
			knownRegions = (
				en,
				Base,
			);
			mainGroup = 5D9886D31C94A0FB00A18F9B;
			productRefGroup = 5D9886DD1C94A0FB00A18F9B /* Products */;
			projectDirPath = "";
			projectRoot = "";
			targets = (
				5D9886DB1C94A0FB00A18F9B /* Mandelsemmel */,
				5D9886F41C94A0FB00A18F9B /* MandelsemmelTests */,
				5D9886FF1C94A0FB00A18F9B /* MandelsemmelUITests */,
			);
		};
/* End PBXProject section */

/* Begin PBXResourcesBuildPhase section */
		5D9886DA1C94A0FB00A18F9B /* Resources */ = {
			isa = PBXResourcesBuildPhase;
			buildActionMask = 2147483647;
			files = (
				5D9886EF1C94A0FB00A18F9B /* LaunchScreen.storyboard in Resources */,
				5D9886EC1C94A0FB00A18F9B /* Assets.xcassets in Resources */,
				5D9886EA1C94A0FB00A18F9B /* Main.storyboard in Resources */,
			);
			runOnlyForDeploymentPostprocessing = 0;
		};
		5D9886F31C94A0FB00A18F9B /* Resources */ = {
			isa = PBXResourcesBuildPhase;
			buildActionMask = 2147483647;
			files = (
			);
			runOnlyForDeploymentPostprocessing = 0;
		};
		5D9886FE1C94A0FB00A18F9B /* Resources */ = {
			isa = PBXResourcesBuildPhase;
			buildActionMask = 2147483647;
			files = (
			);
			runOnlyForDeploymentPostprocessing = 0;
		};
/* End PBXResourcesBuildPhase section */

/* Begin PBXSourcesBuildPhase section */
		5D9886D81C94A0FB00A18F9B /* Sources */ = {
			isa = PBXSourcesBuildPhase;
			buildActionMask = 2147483647;
			files = (
				5D9886E71C94A0FB00A18F9B /* ViewController.m in Sources */,
				5D9886E41C94A0FB00A18F9B /* AppDelegate.m in Sources */,
				5D9886E11C94A0FB00A18F9B /* main.m in Sources */,
			);
			runOnlyForDeploymentPostprocessing = 0;
		};
		5D9886F11C94A0FB00A18F9B /* Sources */ = {
			isa = PBXSourcesBuildPhase;
			buildActionMask = 2147483647;
			files = (
				5D9886FA1C94A0FB00A18F9B /* MandelsemmelTests.m in Sources */,
			);
			runOnlyForDeploymentPostprocessing = 0;
		};
		5D9886FC1C94A0FB00A18F9B /* Sources */ = {
			isa = PBXSourcesBuildPhase;
			buildActionMask = 2147483647;
			files = (
				5D9887051C94A0FB00A18F9B /* MandelsemmelUITests.m in Sources */,
			);
			runOnlyForDeploymentPostprocessing = 0;
		};
/* End PBXSourcesBuildPhase section */

/* Begin PBXTargetDependency section */
		5D9886F71C94A0FB00A18F9B /* PBXTargetDependency */ = {
			isa = PBXTargetDependency;
			target = 5D9886DB1C94A0FB00A18F9B /* Mandelsemmel */;
			targetProxy = 5D9886F61C94A0FB00A18F9B /* PBXContainerItemProxy */;
		};
		5D9887021C94A0FB00A18F9B /* PBXTargetDependency */ = {
			isa = PBXTargetDependency;
			target = 5D9886DB1C94A0FB00A18F9B /* Mandelsemmel */;
			targetProxy = 5D9887011C94A0FB00A18F9B /* PBXContainerItemProxy */;
		};
/* End PBXTargetDependency section */

/* Begin PBXVariantGroup section */
		5D9886E81C94A0FB00A18F9B /* Main.storyboard */ = {
			isa = PBXVariantGroup;
			children = (
				5D9886E91C94A0FB00A18F9B /* Base */,
			);
			name = Main.storyboard;
			sourceTree = "<group>";
		};
		5D9886ED1C94A0FB00A18F9B /* LaunchScreen.storyboard */ = {
			isa = PBXVariantGroup;
			children = (
				5D9886EE1C94A0FB00A18F9B /* Base */,
			);
			name = LaunchScreen.storyboard;
			sourceTree = "<group>";
		};
/* End PBXVariantGroup section */

/* Begin XCBuildConfiguration section */
		5D9887071C94A0FB00A18F9B /* Debug */ = {
			isa = XCBuildConfiguration;
			buildSettings = {
				ALWAYS_SEARCH_USER_PATHS = NO;
				CLANG_CXX_LANGUAGE_STANDARD = "gnu++0x";
				CLANG_CXX_LIBRARY = "libc++";
				CLANG_ENABLE_MODULES = YES;
				CLANG_ENABLE_OBJC_ARC = YES;
				CLANG_WARN_BOOL_CONVERSION = YES;
				CLANG_WARN_CONSTANT_CONVERSION = YES;
				CLANG_WARN_DIRECT_OBJC_ISA_USAGE = YES_ERROR;
				CLANG_WARN_EMPTY_BODY = YES;
				CLANG_WARN_ENUM_CONVERSION = YES;
				CLANG_WARN_INT_CONVERSION = YES;
				CLANG_WARN_OBJC_ROOT_CLASS = YES_ERROR;
				CLANG_WARN_UNREACHABLE_CODE = YES;
				CLANG_WARN__DUPLICATE_METHOD_MATCH = YES;
				"CODE_SIGN_IDENTITY[sdk=iphoneos*]" = "iPhone Developer";
				COPY_PHASE_STRIP = NO;
				DEBUG_INFORMATION_FORMAT = dwarf;
				ENABLE_STRICT_OBJC_MSGSEND = YES;
				ENABLE_TESTABILITY = YES;
				GCC_C_LANGUAGE_STANDARD = gnu99;
				GCC_DYNAMIC_NO_PIC = NO;
				GCC_NO_COMMON_BLOCKS = YES;
				GCC_OPTIMIZATION_LEVEL = 0;
				GCC_PREPROCESSOR_DEFINITIONS = (
					"DEBUG=1",
					"$(inherited)",
				);
				GCC_WARN_64_TO_32_BIT_CONVERSION = YES;
				GCC_WARN_ABOUT_RETURN_TYPE = YES_ERROR;
				GCC_WARN_UNDECLARED_SELECTOR = YES;
				GCC_WARN_UNINITIALIZED_AUTOS = YES_AGGRESSIVE;
				GCC_WARN_UNUSED_FUNCTION = YES;
				GCC_WARN_UNUSED_VARIABLE = YES;
				IPHONEOS_DEPLOYMENT_TARGET = 9.2;
				MTL_ENABLE_DEBUG_INFO = YES;
				ONLY_ACTIVE_ARCH = YES;
				SDKROOT = iphoneos;
				TARGETED_DEVICE_FAMILY = "1,2";
			};
			name = Debug;
		};
		5D9887081C94A0FB00A18F9B /* Release */ = {
			isa = XCBuildConfiguration;
			buildSettings = {
				ALWAYS_SEARCH_USER_PATHS = NO;
				CLANG_CXX_LANGUAGE_STANDARD = "gnu++0x";
				CLANG_CXX_LIBRARY = "libc++";
				CLANG_ENABLE_MODULES = YES;
				CLANG_ENABLE_OBJC_ARC = YES;
				CLANG_WARN_BOOL_CONVERSION = YES;
				CLANG_WARN_CONSTANT_CONVERSION = YES;
				CLANG_WARN_DIRECT_OBJC_ISA_USAGE = YES_ERROR;
				CLANG_WARN_EMPTY_BODY = YES;
				CLANG_WARN_ENUM_CONVERSION = YES;
				CLANG_WARN_INT_CONVERSION = YES;
				CLANG_WARN_OBJC_ROOT_CLASS = YES_ERROR;
				CLANG_WARN_UNREACHABLE_CODE = YES;
				CLANG_WARN__DUPLICATE_METHOD_MATCH = YES;
				"CODE_SIGN_IDENTITY[sdk=iphoneos*]" = "iPhone Developer";
				COPY_PHASE_STRIP = NO;
				DEBUG_INFORMATION_FORMAT = "dwarf-with-dsym";
				ENABLE_NS_ASSERTIONS = NO;
				ENABLE_STRICT_OBJC_MSGSEND = YES;
				GCC_C_LANGUAGE_STANDARD = gnu99;
				GCC_NO_COMMON_BLOCKS = YES;
				GCC_WARN_64_TO_32_BIT_CONVERSION = YES;
				GCC_WARN_ABOUT_RETURN_TYPE = YES_ERROR;
				GCC_WARN_UNDECLARED_SELECTOR = YES;
				GCC_WARN_UNINITIALIZED_AUTOS = YES_AGGRESSIVE;
				GCC_WARN_UNUSED_FUNCTION = YES;
				GCC_WARN_UNUSED_VARIABLE = YES;
				IPHONEOS_DEPLOYMENT_TARGET = 9.2;
				MTL_ENABLE_DEBUG_INFO = NO;
				SDKROOT = iphoneos;
				TARGETED_DEVICE_FAMILY = "1,2";
				VALIDATE_PRODUCT = YES;
			};
			name = Release;
		};
		5D98870A1C94A0FB00A18F9B /* Debug */ = {
			isa = XCBuildConfiguration;
			buildSettings = {
				ASSETCATALOG_COMPILER_APPICON_NAME = AppIcon;
				INFOPLIST_FILE = Mandelsemmel/Info.plist;
				LD_RUNPATH_SEARCH_PATHS = "$(inherited) @executable_path/Frameworks";
				PRODUCT_BUNDLE_IDENTIFIER = de.dargent.Mandelsemmel;
				PRODUCT_NAME = "$(TARGET_NAME)";
			};
			name = Debug;
		};
		5D98870B1C94A0FB00A18F9B /* Release */ = {
			isa = XCBuildConfiguration;
			buildSettings = {
				ASSETCATALOG_COMPILER_APPICON_NAME = AppIcon;
				INFOPLIST_FILE = Mandelsemmel/Info.plist;
				LD_RUNPATH_SEARCH_PATHS = "$(inherited) @executable_path/Frameworks";
				PRODUCT_BUNDLE_IDENTIFIER = de.dargent.Mandelsemmel;
				PRODUCT_NAME = "$(TARGET_NAME)";
			};
			name = Release;
		};
		5D98870D1C94A0FB00A18F9B /* Debug */ = {
			isa = XCBuildConfiguration;
			buildSettings = {
				BUNDLE_LOADER = "$(TEST_HOST)";
				INFOPLIST_FILE = MandelsemmelTests/Info.plist;
				LD_RUNPATH_SEARCH_PATHS = "$(inherited) @executable_path/Frameworks @loader_path/Frameworks";
				PRODUCT_BUNDLE_IDENTIFIER = de.dargent.MandelsemmelTests;
				PRODUCT_NAME = "$(TARGET_NAME)";
				TEST_HOST = "$(BUILT_PRODUCTS_DIR)/Mandelsemmel.app/Mandelsemmel";
			};
			name = Debug;
		};
		5D98870E1C94A0FB00A18F9B /* Release */ = {
			isa = XCBuildConfiguration;
			buildSettings = {
				BUNDLE_LOADER = "$(TEST_HOST)";
				INFOPLIST_FILE = MandelsemmelTests/Info.plist;
				LD_RUNPATH_SEARCH_PATHS = "$(inherited) @executable_path/Frameworks @loader_path/Frameworks";
				PRODUCT_BUNDLE_IDENTIFIER = de.dargent.MandelsemmelTests;
				PRODUCT_NAME = "$(TARGET_NAME)";
				TEST_HOST = "$(BUILT_PRODUCTS_DIR)/Mandelsemmel.app/Mandelsemmel";
			};
			name = Release;
		};
		5D9887101C94A0FB00A18F9B /* Debug */ = {
			isa = XCBuildConfiguration;
			buildSettings = {
				INFOPLIST_FILE = MandelsemmelUITests/Info.plist;
				LD_RUNPATH_SEARCH_PATHS = "$(inherited) @executable_path/Frameworks @loader_path/Frameworks";
				PRODUCT_BUNDLE_IDENTIFIER = de.dargent.MandelsemmelUITests;
				PRODUCT_NAME = "$(TARGET_NAME)";
				TEST_TARGET_NAME = Mandelsemmel;
				USES_XCTRUNNER = YES;
			};
			name = Debug;
		};
		5D9887111C94A0FB00A18F9B /* Release */ = {
			isa = XCBuildConfiguration;
			buildSettings = {
				INFOPLIST_FILE = MandelsemmelUITests/Info.plist;
				LD_RUNPATH_SEARCH_PATHS = "$(inherited) @executable_path/Frameworks @loader_path/Frameworks";
				PRODUCT_BUNDLE_IDENTIFIER = de.dargent.MandelsemmelUITests;
				PRODUCT_NAME = "$(TARGET_NAME)";
				TEST_TARGET_NAME = Mandelsemmel;
				USES_XCTRUNNER = YES;
			};
			name = Release;
		};
/* End XCBuildConfiguration section */

/* Begin XCConfigurationList section */
		5D9886D71C94A0FB00A18F9B /* Build configuration list for PBXProject "Mandelsemmel" */ = {
			isa = XCConfigurationList;
			buildConfigurations = (
				5D9887071C94A0FB00A18F9B /* Debug */,
				5D9887081C94A0FB00A18F9B /* Release */,
			);
			defaultConfigurationIsVisible = 0;
			defaultConfigurationName = Release;
		};
		5D9887091C94A0FB00A18F9B /* Build configuration list for PBXNativeTarget "Mandelsemmel" */ = {
			isa = XCConfigurationList;
			buildConfigurations = (
				5D98870A1C94A0FB00A18F9B /* Debug */,
				5D98870B1C94A0FB00A18F9B /* Release */,
			);
			defaultConfigurationIsVisible = 0;
		};
		5D98870C1C94A0FB00A18F9B /* Build configuration list for PBXNativeTarget "MandelsemmelTests" */ = {
			isa = XCConfigurationList;
			buildConfigurations = (
				5D98870D1C94A0FB00A18F9B /* Debug */,
				5D98870E1C94A0FB00A18F9B /* Release */,
			);
			defaultConfigurationIsVisible = 0;
		};
		5D98870F1C94A0FB00A18F9B /* Build configuration list for PBXNativeTarget "MandelsemmelUITests" */ = {
			isa = XCConfigurationList;
			buildConfigurations = (
				5D9887101C94A0FB00A18F9B /* Debug */,
				5D9887111C94A0FB00A18F9B /* Release */,
			);
			defaultConfigurationIsVisible = 0;
		};
/* End XCConfigurationList section */
	};
	rootObject = 5D9886D41C94A0FB00A18F9B /* Project object */;
}
